
Microsoft Visual Studio Solution File, Format Version 12.00
# Visual Studio Version 16
VisualStudioVersion = 16.0.30804.86
MinimumVisualStudioVersion = 10.0.40219.1
Project("{FAE04EC0-301F-11D3-BF4B-00C04F79EFBC}") = "MyWeb", "MyWeb\MyWeb.csproj", "{05E02155-5EA7-4A44-A8D1-A890294ADCEE}"
EndProject
Global
	GlobalSection(SolutionConfigurationPlatforms) = preSolution
		Debug|Any CPU = Debug|Any CPU
		Release|Any CPU = Release|Any CPU
	EndGlobalSection
	GlobalSection(ProjectConfigurationPlatforms) = postSolution
		{05E02155-5EA7-4A44-A8D1-A890294ADCEE}.Debug|Any CPU.ActiveCfg = Debug|Any CPU
		{05E02155-5EA7-4A44-A8D1-A890294ADCEE}.Debug|Any CPU.Build.0 = Debug|Any CPU
		{05E02155-5EA7-4A44-A8D1-A890294ADCEE}.Release|Any CPU.ActiveCfg = Release|Any CPU
		{05E02155-5EA7-4A44-A8D1-A890294ADCEE}.Release|Any CPU.Build.0 = Release|Any CPU
	EndGlobalSection
	GlobalSection(SolutionProperties) = preSolution
		HideSolutionNode = FALSE
	EndGlobalSection
	GlobalSection(ExtensibilityGlobals) = postSolution
		SolutionGuid = {EA4BCDC6-18D1-4B2C-B727-71B3AF2B0B9D}
	EndGlobalSection
EndGlobal
